
Microsoft Visual Studio Solution File, Format Version 12.00
# Visual Studio Version 16
VisualStudioVersion = 16.0.30717.126
MinimumVisualStudioVersion = 10.0.40219.1
Project("{FAE04EC0-301F-11D3-BF4B-00C04F79EFBC}") = "DIAttribute", "DIAttribute\DIAttribute.csproj", "{C4FFEFBA-C5CD-4C7C-9204-F2C17AC6BC0B}"
EndProject
Project("{FAE04EC0-301F-11D3-BF4B-00C04F79EFBC}") = "ConsoleApp.Framework.Demo", "ConsoleApp.Framework.Demo\ConsoleApp.Framework.Demo.csproj", "{C7524037-22EC-4E3C-9A9E-F9A05FA28DFC}"
EndProject
Global
	GlobalSection(SolutionConfigurationPlatforms) = preSolution
		Debug|Any CPU = Debug|Any CPU
		Release|Any CPU = Release|Any CPU
	EndGlobalSection
	GlobalSection(ProjectConfigurationPlatforms) = postSolution
		{C4FFEFBA-C5CD-4C7C-9204-F2C17AC6BC0B}.Debug|Any CPU.ActiveCfg = Debug|Any CPU
		{C4FFEFBA-C5CD-4C7C-9204-F2C17AC6BC0B}.Debug|Any CPU.Build.0 = Debug|Any CPU
		{C4FFEFBA-C5CD-4C7C-9204-F2C17AC6BC0B}.Release|Any CPU.ActiveCfg = Release|Any CPU
		{C4FFEFBA-C5CD-4C7C-9204-F2C17AC6BC0B}.Release|Any CPU.Build.0 = Release|Any CPU
		{C7524037-22EC-4E3C-9A9E-F9A05FA28DFC}.Debug|Any CPU.ActiveCfg = Debug|Any CPU
		{C7524037-22EC-4E3C-9A9E-F9A05FA28DFC}.Debug|Any CPU.Build.0 = Debug|Any CPU
		{C7524037-22EC-4E3C-9A9E-F9A05FA28DFC}.Release|Any CPU.ActiveCfg = Release|Any CPU
		{C7524037-22EC-4E3C-9A9E-F9A05FA28DFC}.Release|Any CPU.Build.0 = Release|Any CPU
	EndGlobalSection
	GlobalSection(SolutionProperties) = preSolution
		HideSolutionNode = FALSE
	EndGlobalSection
	GlobalSection(ExtensibilityGlobals) = postSolution
		SolutionGuid = {115437F8-06D4-48CB-84EB-30D7EC9FE388}
	EndGlobalSection
EndGlobal
